
Microsoft Visual Studio Solution File, Format Version 12.00
# Visual Studio Version 16
VisualStudioVersion = 16.0.32002.261
MinimumVisualStudioVersion = 10.0.40219.1
Project("{FAE04EC0-301F-11D3-BF4B-00C04F79EFBC}") = "01. Reverse Strings", "01. Reverse Strings\01. Reverse Strings.csproj", "{ABDA683B-2759-4ED1-A515-0076F1F8683D}"
EndProject
Project("{FAE04EC0-301F-11D3-BF4B-00C04F79EFBC}") = "02. Repeat Strings", "02. Repeat Strings\02. Repeat Strings.csproj", "{A469E786-8A31-4C70-9819-8379A2E1D067}"
EndProject
Project("{FAE04EC0-301F-11D3-BF4B-00C04F79EFBC}") = "03. Substring", "03. Substring\03. Substring.csproj", "{0E6B02C1-2348-4690-A4A6-D27A35503677}"
EndProject
Project("{FAE04EC0-301F-11D3-BF4B-00C04F79EFBC}") = "04. Text Filter", "04. Text Filter\04. Text Filter.csproj", "{A05A9046-F2AA-497A-9A78-355D4FE46C1B}"
EndProject
Project("{FAE04EC0-301F-11D3-BF4B-00C04F79EFBC}") = "05. Digits, Letters and Other", "05. Digits, Letters and Other\05. Digits, Letters and Other.csproj", "{115DE66E-70DF-4AF8-A5E4-C695D375A703}"
EndProject
Global
	GlobalSection(SolutionConfigurationPlatforms) = preSolution
		Debug|Any CPU = Debug|Any CPU
		Release|Any CPU = Release|Any CPU
	EndGlobalSection
	GlobalSection(ProjectConfigurationPlatforms) = postSolution
		{ABDA683B-2759-4ED1-A515-0076F1F8683D}.Debug|Any CPU.ActiveCfg = Debug|Any CPU
		{ABDA683B-2759-4ED1-A515-0076F1F8683D}.Debug|Any CPU.Build.0 = Debug|Any CPU
		{ABDA683B-2759-4ED1-A515-0076F1F8683D}.Release|Any CPU.ActiveCfg = Release|Any CPU
		{ABDA683B-2759-4ED1-A515-0076F1F8683D}.Release|Any CPU.Build.0 = Release|Any CPU
		{A469E786-8A31-4C70-9819-8379A2E1D067}.Debug|Any CPU.ActiveCfg = Debug|Any CPU
		{A469E786-8A31-4C70-9819-8379A2E1D067}.Debug|Any CPU.Build.0 = Debug|Any CPU
		{A469E786-8A31-4C70-9819-8379A2E1D067}.Release|Any CPU.ActiveCfg = Release|Any CPU
		{A469E786-8A31-4C70-9819-8379A2E1D067}.Release|Any CPU.Build.0 = Release|Any CPU
		{0E6B02C1-2348-4690-A4A6-D27A35503677}.Debug|Any CPU.ActiveCfg = Debug|Any CPU
		{0E6B02C1-2348-4690-A4A6-D27A35503677}.Debug|Any CPU.Build.0 = Debug|Any CPU
		{0E6B02C1-2348-4690-A4A6-D27A35503677}.Release|Any CPU.ActiveCfg = Release|Any CPU
		{0E6B02C1-2348-4690-A4A6-D27A35503677}.Release|Any CPU.Build.0 = Release|Any CPU
		{A05A9046-F2AA-497A-9A78-355D4FE46C1B}.Debug|Any CPU.ActiveCfg = Debug|Any CPU
		{A05A9046-F2AA-497A-9A78-355D4FE46C1B}.Debug|Any CPU.Build.0 = Debug|Any CPU
		{A05A9046-F2AA-497A-9A78-355D4FE46C1B}.Release|Any CPU.ActiveCfg = Release|Any CPU
		{A05A9046-F2AA-497A-9A78-355D4FE46C1B}.Release|Any CPU.Build.0 = Release|Any CPU
		{115DE66E-70DF-4AF8-A5E4-C695D375A703}.Debug|Any CPU.ActiveCfg = Debug|Any CPU
		{115DE66E-70DF-4AF8-A5E4-C695D375A703}.Debug|Any CPU.Build.0 = Debug|Any CPU
		{115DE66E-70DF-4AF8-A5E4-C695D375A703}.Release|Any CPU.ActiveCfg = Release|Any CPU
		{115DE66E-70DF-4AF8-A5E4-C695D375A703}.Release|Any CPU.Build.0 = Release|Any CPU
	EndGlobalSection
	GlobalSection(SolutionProperties) = preSolution
		HideSolutionNode = FALSE
	EndGlobalSection
	GlobalSection(ExtensibilityGlobals) = postSolution
		SolutionGuid = {7570CA0E-8F79-444B-BA1E-EC941EC8DC55}
	EndGlobalSection
EndGlobal
