
Microsoft Visual Studio Solution File, Format Version 12.00
# Visual Studio Version 16
VisualStudioVersion = 16.0.32002.261
MinimumVisualStudioVersion = 10.0.40219.1
Project("{9A19103F-16F7-4668-BE54-9A1E7A4F7556}") = "01. StringGame", "01.StringGame\01. StringGame.csproj", "{3504FBF4-F75C-4903-B79F-5845F0F473F8}"
EndProject
Project("{9A19103F-16F7-4668-BE54-9A1E7A4F7556}") = "02. Message Decrypter", "02. Message Decrypter\02. Message Decrypter.csproj", "{2B35E4CD-2D16-4F7D-B81F-96F9D99B2CA5}"
EndProject
Project("{9A19103F-16F7-4668-BE54-9A1E7A4F7556}") = "03. Dictionary", "03. Dictionary\03. Dictionary.csproj", "{E135A5F1-0B4C-4670-A9AA-8A475FAE58DE}"
EndProject
Global
	GlobalSection(SolutionConfigurationPlatforms) = preSolution
		Debug|Any CPU = Debug|Any CPU
		Release|Any CPU = Release|Any CPU
	EndGlobalSection
	GlobalSection(ProjectConfigurationPlatforms) = postSolution
		{3504FBF4-F75C-4903-B79F-5845F0F473F8}.Debug|Any CPU.ActiveCfg = Debug|Any CPU
		{3504FBF4-F75C-4903-B79F-5845F0F473F8}.Debug|Any CPU.Build.0 = Debug|Any CPU
		{3504FBF4-F75C-4903-B79F-5845F0F473F8}.Release|Any CPU.ActiveCfg = Release|Any CPU
		{3504FBF4-F75C-4903-B79F-5845F0F473F8}.Release|Any CPU.Build.0 = Release|Any CPU
		{2B35E4CD-2D16-4F7D-B81F-96F9D99B2CA5}.Debug|Any CPU.ActiveCfg = Debug|Any CPU
		{2B35E4CD-2D16-4F7D-B81F-96F9D99B2CA5}.Debug|Any CPU.Build.0 = Debug|Any CPU
		{2B35E4CD-2D16-4F7D-B81F-96F9D99B2CA5}.Release|Any CPU.ActiveCfg = Release|Any CPU
		{2B35E4CD-2D16-4F7D-B81F-96F9D99B2CA5}.Release|Any CPU.Build.0 = Release|Any CPU
		{E135A5F1-0B4C-4670-A9AA-8A475FAE58DE}.Debug|Any CPU.ActiveCfg = Debug|Any CPU
		{E135A5F1-0B4C-4670-A9AA-8A475FAE58DE}.Debug|Any CPU.Build.0 = Debug|Any CPU
		{E135A5F1-0B4C-4670-A9AA-8A475FAE58DE}.Release|Any CPU.ActiveCfg = Release|Any CPU
		{E135A5F1-0B4C-4670-A9AA-8A475FAE58DE}.Release|Any CPU.Build.0 = Release|Any CPU
	EndGlobalSection
	GlobalSection(SolutionProperties) = preSolution
		HideSolutionNode = FALSE
	EndGlobalSection
	GlobalSection(ExtensibilityGlobals) = postSolution
		SolutionGuid = {C06090DF-799D-4020-B661-3B2B32392CCE}
	EndGlobalSection
EndGlobal
