
Microsoft Visual Studio Solution File, Format Version 12.00
# Visual Studio Version 16
VisualStudioVersion = 16.0.32002.261
MinimumVisualStudioVersion = 10.0.40219.1
Project("{9A19103F-16F7-4668-BE54-9A1E7A4F7556}") = "01. Match Full Name", "01. Match Full Name\01. Match Full Name.csproj", "{8237C876-213C-4590-A802-B59084216F31}"
EndProject
Project("{9A19103F-16F7-4668-BE54-9A1E7A4F7556}") = "02. Match Phone Number", "02. Match Phone Number\02. Match Phone Number.csproj", "{5FBD9025-6C65-4F18-808F-062E94D34230}"
EndProject
Project("{9A19103F-16F7-4668-BE54-9A1E7A4F7556}") = "03. Match Dates", "03. Match Dates\03. Match Dates.csproj", "{D932B310-A17B-4D27-AE24-62D912AB20D7}"
EndProject
Global
	GlobalSection(SolutionConfigurationPlatforms) = preSolution
		Debug|Any CPU = Debug|Any CPU
		Release|Any CPU = Release|Any CPU
	EndGlobalSection
	GlobalSection(ProjectConfigurationPlatforms) = postSolution
		{8237C876-213C-4590-A802-B59084216F31}.Debug|Any CPU.ActiveCfg = Debug|Any CPU
		{8237C876-213C-4590-A802-B59084216F31}.Debug|Any CPU.Build.0 = Debug|Any CPU
		{8237C876-213C-4590-A802-B59084216F31}.Release|Any CPU.ActiveCfg = Release|Any CPU
		{8237C876-213C-4590-A802-B59084216F31}.Release|Any CPU.Build.0 = Release|Any CPU
		{5FBD9025-6C65-4F18-808F-062E94D34230}.Debug|Any CPU.ActiveCfg = Debug|Any CPU
		{5FBD9025-6C65-4F18-808F-062E94D34230}.Debug|Any CPU.Build.0 = Debug|Any CPU
		{5FBD9025-6C65-4F18-808F-062E94D34230}.Release|Any CPU.ActiveCfg = Release|Any CPU
		{5FBD9025-6C65-4F18-808F-062E94D34230}.Release|Any CPU.Build.0 = Release|Any CPU
		{D932B310-A17B-4D27-AE24-62D912AB20D7}.Debug|Any CPU.ActiveCfg = Debug|Any CPU
		{D932B310-A17B-4D27-AE24-62D912AB20D7}.Debug|Any CPU.Build.0 = Debug|Any CPU
		{D932B310-A17B-4D27-AE24-62D912AB20D7}.Release|Any CPU.ActiveCfg = Release|Any CPU
		{D932B310-A17B-4D27-AE24-62D912AB20D7}.Release|Any CPU.Build.0 = Release|Any CPU
	EndGlobalSection
	GlobalSection(SolutionProperties) = preSolution
		HideSolutionNode = FALSE
	EndGlobalSection
	GlobalSection(ExtensibilityGlobals) = postSolution
		SolutionGuid = {3D9C1B1C-9D2F-458E-B6C2-1BA3341482EF}
	EndGlobalSection
EndGlobal
