
Microsoft Visual Studio Solution File, Format Version 12.00
# Visual Studio Version 16
VisualStudioVersion = 16.0.32002.261
MinimumVisualStudioVersion = 10.0.40219.1
Project("{9A19103F-16F7-4668-BE54-9A1E7A4F7556}") = "01. Count Chars in a String", "01. Count Chars in a String\01. Count Chars in a String.csproj", "{CA0E5B6E-52F8-4233-B8DF-D385C933DCE8}"
EndProject
Project("{9A19103F-16F7-4668-BE54-9A1E7A4F7556}") = "02. A Miner Task", "02. A Miner Task\02. A Miner Task.csproj", "{89403098-662B-4781-AA39-CD57ADE447D8}"
EndProject
Project("{9A19103F-16F7-4668-BE54-9A1E7A4F7556}") = "03. Orders", "03. Orders\03. Orders.csproj", "{CB9FBFAA-B56A-42E4-9548-7CF0F17BE91F}"
EndProject
Project("{9A19103F-16F7-4668-BE54-9A1E7A4F7556}") = "04. SoftUni Parking", "04. SoftUni Parking\04. SoftUni Parking.csproj", "{CFD7334F-FFB9-48E9-A8AA-762D04F69D9C}"
EndProject
Project("{9A19103F-16F7-4668-BE54-9A1E7A4F7556}") = "05. Courses", "05. Courses\05. Courses.csproj", "{04520D3C-71AD-4036-82E3-9EB9D2839BEE}"
EndProject
Project("{9A19103F-16F7-4668-BE54-9A1E7A4F7556}") = "06. Student Academy", "06. Student Academy\06. Student Academy.csproj", "{E36B0660-98C0-42EA-9F59-AF9DA8859F2E}"
EndProject
Project("{9A19103F-16F7-4668-BE54-9A1E7A4F7556}") = "07. Company Users", "07. Company Users\07. Company Users.csproj", "{0556DF11-BCB3-45E1-9475-76F8FFE7ECA4}"
EndProject
Global
	GlobalSection(SolutionConfigurationPlatforms) = preSolution
		Debug|Any CPU = Debug|Any CPU
		Release|Any CPU = Release|Any CPU
	EndGlobalSection
	GlobalSection(ProjectConfigurationPlatforms) = postSolution
		{CA0E5B6E-52F8-4233-B8DF-D385C933DCE8}.Debug|Any CPU.ActiveCfg = Debug|Any CPU
		{CA0E5B6E-52F8-4233-B8DF-D385C933DCE8}.Debug|Any CPU.Build.0 = Debug|Any CPU
		{CA0E5B6E-52F8-4233-B8DF-D385C933DCE8}.Release|Any CPU.ActiveCfg = Release|Any CPU
		{CA0E5B6E-52F8-4233-B8DF-D385C933DCE8}.Release|Any CPU.Build.0 = Release|Any CPU
		{89403098-662B-4781-AA39-CD57ADE447D8}.Debug|Any CPU.ActiveCfg = Debug|Any CPU
		{89403098-662B-4781-AA39-CD57ADE447D8}.Debug|Any CPU.Build.0 = Debug|Any CPU
		{89403098-662B-4781-AA39-CD57ADE447D8}.Release|Any CPU.ActiveCfg = Release|Any CPU
		{89403098-662B-4781-AA39-CD57ADE447D8}.Release|Any CPU.Build.0 = Release|Any CPU
		{CB9FBFAA-B56A-42E4-9548-7CF0F17BE91F}.Debug|Any CPU.ActiveCfg = Debug|Any CPU
		{CB9FBFAA-B56A-42E4-9548-7CF0F17BE91F}.Debug|Any CPU.Build.0 = Debug|Any CPU
		{CB9FBFAA-B56A-42E4-9548-7CF0F17BE91F}.Release|Any CPU.ActiveCfg = Release|Any CPU
		{CB9FBFAA-B56A-42E4-9548-7CF0F17BE91F}.Release|Any CPU.Build.0 = Release|Any CPU
		{CFD7334F-FFB9-48E9-A8AA-762D04F69D9C}.Debug|Any CPU.ActiveCfg = Debug|Any CPU
		{CFD7334F-FFB9-48E9-A8AA-762D04F69D9C}.Debug|Any CPU.Build.0 = Debug|Any CPU
		{CFD7334F-FFB9-48E9-A8AA-762D04F69D9C}.Release|Any CPU.ActiveCfg = Release|Any CPU
		{CFD7334F-FFB9-48E9-A8AA-762D04F69D9C}.Release|Any CPU.Build.0 = Release|Any CPU
		{04520D3C-71AD-4036-82E3-9EB9D2839BEE}.Debug|Any CPU.ActiveCfg = Debug|Any CPU
		{04520D3C-71AD-4036-82E3-9EB9D2839BEE}.Debug|Any CPU.Build.0 = Debug|Any CPU
		{04520D3C-71AD-4036-82E3-9EB9D2839BEE}.Release|Any CPU.ActiveCfg = Release|Any CPU
		{04520D3C-71AD-4036-82E3-9EB9D2839BEE}.Release|Any CPU.Build.0 = Release|Any CPU
		{E36B0660-98C0-42EA-9F59-AF9DA8859F2E}.Debug|Any CPU.ActiveCfg = Debug|Any CPU
		{E36B0660-98C0-42EA-9F59-AF9DA8859F2E}.Debug|Any CPU.Build.0 = Debug|Any CPU
		{E36B0660-98C0-42EA-9F59-AF9DA8859F2E}.Release|Any CPU.ActiveCfg = Release|Any CPU
		{E36B0660-98C0-42EA-9F59-AF9DA8859F2E}.Release|Any CPU.Build.0 = Release|Any CPU
		{0556DF11-BCB3-45E1-9475-76F8FFE7ECA4}.Debug|Any CPU.ActiveCfg = Debug|Any CPU
		{0556DF11-BCB3-45E1-9475-76F8FFE7ECA4}.Debug|Any CPU.Build.0 = Debug|Any CPU
		{0556DF11-BCB3-45E1-9475-76F8FFE7ECA4}.Release|Any CPU.ActiveCfg = Release|Any CPU
		{0556DF11-BCB3-45E1-9475-76F8FFE7ECA4}.Release|Any CPU.Build.0 = Release|Any CPU
	EndGlobalSection
	GlobalSection(SolutionProperties) = preSolution
		HideSolutionNode = FALSE
	EndGlobalSection
	GlobalSection(ExtensibilityGlobals) = postSolution
		SolutionGuid = {3677CD7B-301E-4FEF-B060-47EDD1C8A58E}
	EndGlobalSection
EndGlobal
