
Microsoft Visual Studio Solution File, Format Version 12.00
# Visual Studio Version 16
VisualStudioVersion = 16.0.32002.261
MinimumVisualStudioVersion = 10.0.40219.1
Project("{FAE04EC0-301F-11D3-BF4B-00C04F79EFBC}") = "01. Messaging", "01. Messaging\01. Messaging.csproj", "{484EDB3D-D129-463D-874C-04F87ACC61F8}"
EndProject
Project("{FAE04EC0-301F-11D3-BF4B-00C04F79EFBC}") = "05. Drum Set", "05. Drum Set\05. Drum Set.csproj", "{4721C7D1-C6AD-4CA0-91BE-8A9EB35DEE0C}"
EndProject
Project("{FAE04EC0-301F-11D3-BF4B-00C04F79EFBC}") = "02. Car Race", "02. Car Race\02. Car Race.csproj", "{4390F284-48C3-4ED3-8F3C-96AD7BEBAD9D}"
EndProject
Project("{FAE04EC0-301F-11D3-BF4B-00C04F79EFBC}") = "03. Take-Skip Rope", "03. Take-Skip Rope\03. Take-Skip Rope.csproj", "{ADFDE3A8-EEEB-44ED-9064-6D51665BF01E}"
EndProject
Project("{FAE04EC0-301F-11D3-BF4B-00C04F79EFBC}") = "04. Mixed up Lists", "04. Mixed up Lists\04. Mixed up Lists.csproj", "{BE58A1D4-C008-4FA1-A4DF-952E5632A4A5}"
EndProject
Global
	GlobalSection(SolutionConfigurationPlatforms) = preSolution
		Debug|Any CPU = Debug|Any CPU
		Release|Any CPU = Release|Any CPU
	EndGlobalSection
	GlobalSection(ProjectConfigurationPlatforms) = postSolution
		{484EDB3D-D129-463D-874C-04F87ACC61F8}.Debug|Any CPU.ActiveCfg = Debug|Any CPU
		{484EDB3D-D129-463D-874C-04F87ACC61F8}.Debug|Any CPU.Build.0 = Debug|Any CPU
		{484EDB3D-D129-463D-874C-04F87ACC61F8}.Release|Any CPU.ActiveCfg = Release|Any CPU
		{484EDB3D-D129-463D-874C-04F87ACC61F8}.Release|Any CPU.Build.0 = Release|Any CPU
		{4721C7D1-C6AD-4CA0-91BE-8A9EB35DEE0C}.Debug|Any CPU.ActiveCfg = Debug|Any CPU
		{4721C7D1-C6AD-4CA0-91BE-8A9EB35DEE0C}.Debug|Any CPU.Build.0 = Debug|Any CPU
		{4721C7D1-C6AD-4CA0-91BE-8A9EB35DEE0C}.Release|Any CPU.ActiveCfg = Release|Any CPU
		{4721C7D1-C6AD-4CA0-91BE-8A9EB35DEE0C}.Release|Any CPU.Build.0 = Release|Any CPU
		{4390F284-48C3-4ED3-8F3C-96AD7BEBAD9D}.Debug|Any CPU.ActiveCfg = Debug|Any CPU
		{4390F284-48C3-4ED3-8F3C-96AD7BEBAD9D}.Debug|Any CPU.Build.0 = Debug|Any CPU
		{4390F284-48C3-4ED3-8F3C-96AD7BEBAD9D}.Release|Any CPU.ActiveCfg = Release|Any CPU
		{4390F284-48C3-4ED3-8F3C-96AD7BEBAD9D}.Release|Any CPU.Build.0 = Release|Any CPU
		{ADFDE3A8-EEEB-44ED-9064-6D51665BF01E}.Debug|Any CPU.ActiveCfg = Debug|Any CPU
		{ADFDE3A8-EEEB-44ED-9064-6D51665BF01E}.Debug|Any CPU.Build.0 = Debug|Any CPU
		{ADFDE3A8-EEEB-44ED-9064-6D51665BF01E}.Release|Any CPU.ActiveCfg = Release|Any CPU
		{ADFDE3A8-EEEB-44ED-9064-6D51665BF01E}.Release|Any CPU.Build.0 = Release|Any CPU
		{BE58A1D4-C008-4FA1-A4DF-952E5632A4A5}.Debug|Any CPU.ActiveCfg = Debug|Any CPU
		{BE58A1D4-C008-4FA1-A4DF-952E5632A4A5}.Debug|Any CPU.Build.0 = Debug|Any CPU
		{BE58A1D4-C008-4FA1-A4DF-952E5632A4A5}.Release|Any CPU.ActiveCfg = Release|Any CPU
		{BE58A1D4-C008-4FA1-A4DF-952E5632A4A5}.Release|Any CPU.Build.0 = Release|Any CPU
	EndGlobalSection
	GlobalSection(SolutionProperties) = preSolution
		HideSolutionNode = FALSE
	EndGlobalSection
	GlobalSection(ExtensibilityGlobals) = postSolution
		SolutionGuid = {451537F2-E4AF-4B7C-9AB5-DFEF2D54FB45}
	EndGlobalSection
EndGlobal
