
Microsoft Visual Studio Solution File, Format Version 12.00
# Visual Studio Version 16
VisualStudioVersion = 16.0.32002.261
MinimumVisualStudioVersion = 10.0.40219.1
Project("{9A19103F-16F7-4668-BE54-9A1E7A4F7556}") = "01. Company Roster", "01. Company Roster\01. Company Roster.csproj", "{8F3869B2-1E53-4A81-AC8A-5676715025D6}"
EndProject
Project("{9A19103F-16F7-4668-BE54-9A1E7A4F7556}") = "02. Oldest Family Member", "02. Oldest Family Member\02. Oldest Family Member.csproj", "{6CAAA4C0-BF67-44ED-AB3F-5E7773DB412B}"
EndProject
Project("{9A19103F-16F7-4668-BE54-9A1E7A4F7556}") = "03. Speed Racing", "03. Speed Racing\03. Speed Racing.csproj", "{B31BE48C-DDDB-46B4-A7C2-C77F4B609B91}"
EndProject
Project("{9A19103F-16F7-4668-BE54-9A1E7A4F7556}") = "04. Raw Data", "04. Raw Data\04. Raw Data.csproj", "{75FA5DEB-5F4C-4E91-9C8B-BF9AC1FC301B}"
EndProject
Project("{9A19103F-16F7-4668-BE54-9A1E7A4F7556}") = "05. Shopping Spree", "05. Shopping Spree\05. Shopping Spree.csproj", "{8FCF33DF-5B44-4842-8194-509081E1E558}"
EndProject
Global
	GlobalSection(SolutionConfigurationPlatforms) = preSolution
		Debug|Any CPU = Debug|Any CPU
		Release|Any CPU = Release|Any CPU
	EndGlobalSection
	GlobalSection(ProjectConfigurationPlatforms) = postSolution
		{8F3869B2-1E53-4A81-AC8A-5676715025D6}.Debug|Any CPU.ActiveCfg = Debug|Any CPU
		{8F3869B2-1E53-4A81-AC8A-5676715025D6}.Debug|Any CPU.Build.0 = Debug|Any CPU
		{8F3869B2-1E53-4A81-AC8A-5676715025D6}.Release|Any CPU.ActiveCfg = Release|Any CPU
		{8F3869B2-1E53-4A81-AC8A-5676715025D6}.Release|Any CPU.Build.0 = Release|Any CPU
		{6CAAA4C0-BF67-44ED-AB3F-5E7773DB412B}.Debug|Any CPU.ActiveCfg = Debug|Any CPU
		{6CAAA4C0-BF67-44ED-AB3F-5E7773DB412B}.Debug|Any CPU.Build.0 = Debug|Any CPU
		{6CAAA4C0-BF67-44ED-AB3F-5E7773DB412B}.Release|Any CPU.ActiveCfg = Release|Any CPU
		{6CAAA4C0-BF67-44ED-AB3F-5E7773DB412B}.Release|Any CPU.Build.0 = Release|Any CPU
		{B31BE48C-DDDB-46B4-A7C2-C77F4B609B91}.Debug|Any CPU.ActiveCfg = Debug|Any CPU
		{B31BE48C-DDDB-46B4-A7C2-C77F4B609B91}.Debug|Any CPU.Build.0 = Debug|Any CPU
		{B31BE48C-DDDB-46B4-A7C2-C77F4B609B91}.Release|Any CPU.ActiveCfg = Release|Any CPU
		{B31BE48C-DDDB-46B4-A7C2-C77F4B609B91}.Release|Any CPU.Build.0 = Release|Any CPU
		{75FA5DEB-5F4C-4E91-9C8B-BF9AC1FC301B}.Debug|Any CPU.ActiveCfg = Debug|Any CPU
		{75FA5DEB-5F4C-4E91-9C8B-BF9AC1FC301B}.Debug|Any CPU.Build.0 = Debug|Any CPU
		{75FA5DEB-5F4C-4E91-9C8B-BF9AC1FC301B}.Release|Any CPU.ActiveCfg = Release|Any CPU
		{75FA5DEB-5F4C-4E91-9C8B-BF9AC1FC301B}.Release|Any CPU.Build.0 = Release|Any CPU
		{8FCF33DF-5B44-4842-8194-509081E1E558}.Debug|Any CPU.ActiveCfg = Debug|Any CPU
		{8FCF33DF-5B44-4842-8194-509081E1E558}.Debug|Any CPU.Build.0 = Debug|Any CPU
		{8FCF33DF-5B44-4842-8194-509081E1E558}.Release|Any CPU.ActiveCfg = Release|Any CPU
		{8FCF33DF-5B44-4842-8194-509081E1E558}.Release|Any CPU.Build.0 = Release|Any CPU
	EndGlobalSection
	GlobalSection(SolutionProperties) = preSolution
		HideSolutionNode = FALSE
	EndGlobalSection
	GlobalSection(ExtensibilityGlobals) = postSolution
		SolutionGuid = {62BEDA73-628E-4D95-AAF4-9AA304ECFDF2}
	EndGlobalSection
EndGlobal
